
Microsoft Visual Studio Solution File, Format Version 12.00
# Visual Studio 14
VisualStudioVersion = 14.0.25420.1
MinimumVisualStudioVersion = 10.0.40219.1
Project("{FAE04EC0-301F-11D3-BF4B-00C04F79EFBC}") = "DDona.TesteDapper.DataLayer", "DDona.TesteDapper.DataLayer\DDona.TesteDapper.DataLayer.csproj", "{4D8203F4-5D5E-4751-B42A-9688006361B4}"
EndProject
Project("{FAE04EC0-301F-11D3-BF4B-00C04F79EFBC}") = "DDona.TesteDapper.DomainLayer", "DDona.TesteDapper.DomainLayer\DDona.TesteDapper.DomainLayer.csproj", "{2F6BB59D-0AF6-45D7-944A-1A02BDEBE0E2}"
EndProject
Project("{FAE04EC0-301F-11D3-BF4B-00C04F79EFBC}") = "DDona.TesteDapper.ConsoleApp", "DDona.TesteDapper.ConsoleApp\DDona.TesteDapper.ConsoleApp.csproj", "{6676C589-A59E-45FC-B97B-C1F6556F8A10}"
EndProject
Global
	GlobalSection(SolutionConfigurationPlatforms) = preSolution
		Debug|Any CPU = Debug|Any CPU
		Release|Any CPU = Release|Any CPU
	EndGlobalSection
	GlobalSection(ProjectConfigurationPlatforms) = postSolution
		{4D8203F4-5D5E-4751-B42A-9688006361B4}.Debug|Any CPU.ActiveCfg = Debug|Any CPU
		{4D8203F4-5D5E-4751-B42A-9688006361B4}.Debug|Any CPU.Build.0 = Debug|Any CPU
		{4D8203F4-5D5E-4751-B42A-9688006361B4}.Release|Any CPU.ActiveCfg = Release|Any CPU
		{4D8203F4-5D5E-4751-B42A-9688006361B4}.Release|Any CPU.Build.0 = Release|Any CPU
		{2F6BB59D-0AF6-45D7-944A-1A02BDEBE0E2}.Debug|Any CPU.ActiveCfg = Debug|Any CPU
		{2F6BB59D-0AF6-45D7-944A-1A02BDEBE0E2}.Debug|Any CPU.Build.0 = Debug|Any CPU
		{2F6BB59D-0AF6-45D7-944A-1A02BDEBE0E2}.Release|Any CPU.ActiveCfg = Release|Any CPU
		{2F6BB59D-0AF6-45D7-944A-1A02BDEBE0E2}.Release|Any CPU.Build.0 = Release|Any CPU
		{6676C589-A59E-45FC-B97B-C1F6556F8A10}.Debug|Any CPU.ActiveCfg = Debug|Any CPU
		{6676C589-A59E-45FC-B97B-C1F6556F8A10}.Debug|Any CPU.Build.0 = Debug|Any CPU
		{6676C589-A59E-45FC-B97B-C1F6556F8A10}.Release|Any CPU.ActiveCfg = Release|Any CPU
		{6676C589-A59E-45FC-B97B-C1F6556F8A10}.Release|Any CPU.Build.0 = Release|Any CPU
	EndGlobalSection
	GlobalSection(SolutionProperties) = preSolution
		HideSolutionNode = FALSE
	EndGlobalSection
EndGlobal
